// !$*UTF8*$!
{
	archiveVersion = 1;
	classes = {
	};
	objectVersion = 50;
	objects = {

/* Begin PBXBuildFile section */
		07179BCB20888C8D0022F500 /* AppDelegate.swift in Sources */ = {isa = PBXBuildFile; fileRef = 07179BCA20888C8D0022F500 /* AppDelegate.swift */; };
		07179BCD20888C8D0022F500 /* ViewController.swift in Sources */ = {isa = PBXBuildFile; fileRef = 07179BCC20888C8D0022F500 /* ViewController.swift */; };
		07179BD020888C8D0022F500 /* Main.storyboard in Resources */ = {isa = PBXBuildFile; fileRef = 07179BCE20888C8D0022F500 /* Main.storyboard */; };
		07179BD220888C8F0022F500 /* Assets.xcassets in Resources */ = {isa = PBXBuildFile; fileRef = 07179BD120888C8F0022F500 /* Assets.xcassets */; };
		07179BD520888C8F0022F500 /* LaunchScreen.storyboard in Resources */ = {isa = PBXBuildFile; fileRef = 07179BD320888C8F0022F500 /* LaunchScreen.storyboard */; };
		07179BE020888C8F0022F500 /* task03Tests.swift in Sources */ = {isa = PBXBuildFile; fileRef = 07179BDF20888C8F0022F500 /* task03Tests.swift */; };
		07179BEB20888C8F0022F500 /* task03UITests.swift in Sources */ = {isa = PBXBuildFile; fileRef = 07179BEA20888C8F0022F500 /* task03UITests.swift */; };
/* End PBXBuildFile section */

/* Begin PBXContainerItemProxy section */
		07179BDC20888C8F0022F500 /* PBXContainerItemProxy */ = {
			isa = PBXContainerItemProxy;
			containerPortal = 07179BBF20888C8D0022F500 /* Project object */;
			proxyType = 1;
			remoteGlobalIDString = 07179BC620888C8D0022F500;
			remoteInfo = task03;
		};
		07179BE720888C8F0022F500 /* PBXContainerItemProxy */ = {
			isa = PBXContainerItemProxy;
			containerPortal = 07179BBF20888C8D0022F500 /* Project object */;
			proxyType = 1;
			remoteGlobalIDString = 07179BC620888C8D0022F500;
			remoteInfo = task03;
		};
/* End PBXContainerItemProxy section */

/* Begin PBXFileReference section */
		07179BC720888C8D0022F500 /* task03.app */ = {isa = PBXFileReference; explicitFileType = wrapper.application; includeInIndex = 0; path = task03.app; sourceTree = BUILT_PRODUCTS_DIR; };
		07179BCA20888C8D0022F500 /* AppDelegate.swift */ = {isa = PBXFileReference; lastKnownFileType = sourcecode.swift; path = AppDelegate.swift; sourceTree = "<group>"; };
		07179BCC20888C8D0022F500 /* ViewController.swift */ = {isa = PBXFileReference; lastKnownFileType = sourcecode.swift; path = ViewController.swift; sourceTree = "<group>"; };
		07179BCF20888C8D0022F500 /* Base */ = {isa = PBXFileReference; lastKnownFileType = file.storyboard; name = Base; path = Base.lproj/Main.storyboard; sourceTree = "<group>"; };
		07179BD120888C8F0022F500 /* Assets.xcassets */ = {isa = PBXFileReference; lastKnownFileType = folder.assetcatalog; path = Assets.xcassets; sourceTree = "<group>"; };
		07179BD420888C8F0022F500 /* Base */ = {isa = PBXFileReference; lastKnownFileType = file.storyboard; name = Base; path = Base.lproj/LaunchScreen.storyboard; sourceTree = "<group>"; };
		07179BD620888C8F0022F500 /* Info.plist */ = {isa = PBXFileReference; lastKnownFileType = text.plist.xml; path = Info.plist; sourceTree = "<group>"; };
		07179BDB20888C8F0022F500 /* task03Tests.xctest */ = {isa = PBXFileReference; explicitFileType = wrapper.cfbundle; includeInIndex = 0; path = task03Tests.xctest; sourceTree = BUILT_PRODUCTS_DIR; };
		07179BDF20888C8F0022F500 /* task03Tests.swift */ = {isa = PBXFileReference; lastKnownFileType = sourcecode.swift; path = task03Tests.swift; sourceTree = "<group>"; };
		07179BE120888C8F0022F500 /* Info.plist */ = {isa = PBXFileReference; lastKnownFileType = text.plist.xml; path = Info.plist; sourceTree = "<group>"; };
		07179BE620888C8F0022F500 /* task03UITests.xctest */ = {isa = PBXFileReference; explicitFileType = wrapper.cfbundle; includeInIndex = 0; path = task03UITests.xctest; sourceTree = BUILT_PRODUCTS_DIR; };
		07179BEA20888C8F0022F500 /* task03UITests.swift */ = {isa = PBXFileReference; lastKnownFileType = sourcecode.swift; path = task03UITests.swift; sourceTree = "<group>"; };
		07179BEC20888C8F0022F500 /* Info.plist */ = {isa = PBXFileReference; lastKnownFileType = text.plist.xml; path = Info.plist; sourceTree = "<group>"; };
/* End PBXFileReference section */

/* Begin PBXFrameworksBuildPhase section */
		07179BC420888C8D0022F500 /* Frameworks */ = {
			isa = PBXFrameworksBuildPhase;
			buildActionMask = 2147483647;
			files = (
			);
			runOnlyForDeploymentPostprocessing = 0;
		};
		07179BD820888C8F0022F500 /* Frameworks */ = {
			isa = PBXFrameworksBuildPhase;
			buildActionMask = 2147483647;
			files = (
			);
			runOnlyForDeploymentPostprocessing = 0;
		};
		07179BE320888C8F0022F500 /* Frameworks */ = {
			isa = PBXFrameworksBuildPhase;
			buildActionMask = 2147483647;
			files = (
			);
			runOnlyForDeploymentPostprocessing = 0;
		};
/* End PBXFrameworksBuildPhase section */

/* Begin PBXGroup section */
		07179BBE20888C8D0022F500 = {
			isa = PBXGroup;
			children = (
				07179BC920888C8D0022F500 /* task03 */,
				07179BDE20888C8F0022F500 /* task03Tests */,
				07179BE920888C8F0022F500 /* task03UITests */,
				07179BC820888C8D0022F500 /* Products */,
			);
			sourceTree = "<group>";
		};
		07179BC820888C8D0022F500 /* Products */ = {
			isa = PBXGroup;
			children = (
				07179BC720888C8D0022F500 /* task03.app */,
				07179BDB20888C8F0022F500 /* task03Tests.xctest */,
				07179BE620888C8F0022F500 /* task03UITests.xctest */,
			);
			name = Products;
			sourceTree = "<group>";
		};
		07179BC920888C8D0022F500 /* task03 */ = {
			isa = PBXGroup;
			children = (
				07179BCA20888C8D0022F500 /* AppDelegate.swift */,
				07179BCC20888C8D0022F500 /* ViewController.swift */,
				07179BCE20888C8D0022F500 /* Main.storyboard */,
				07179BD120888C8F0022F500 /* Assets.xcassets */,
				07179BD320888C8F0022F500 /* LaunchScreen.storyboard */,
				07179BD620888C8F0022F500 /* Info.plist */,
			);
			path = task03;
			sourceTree = "<group>";
		};
		07179BDE20888C8F0022F500 /* task03Tests */ = {
			isa = PBXGroup;
			children = (
				07179BDF20888C8F0022F500 /* task03Tests.swift */,
				07179BE120888C8F0022F500 /* Info.plist */,
			);
			path = task03Tests;
			sourceTree = "<group>";
		};
		07179BE920888C8F0022F500 /* task03UITests */ = {
			isa = PBXGroup;
			children = (
				07179BEA20888C8F0022F500 /* task03UITests.swift */,
				07179BEC20888C8F0022F500 /* Info.plist */,
			);
			path = task03UITests;
			sourceTree = "<group>";
		};
/* End PBXGroup section */

/* Begin PBXNativeTarget section */
		07179BC620888C8D0022F500 /* task03 */ = {
			isa = PBXNativeTarget;
			buildConfigurationList = 07179BEF20888C8F0022F500 /* Build configuration list for PBXNativeTarget "task03" */;
			buildPhases = (
				07179BC320888C8D0022F500 /* Sources */,
				07179BC420888C8D0022F500 /* Frameworks */,
				07179BC520888C8D0022F500 /* Resources */,
			);
			buildRules = (
			);
			dependencies = (
			);
			name = task03;
			productName = task03;
			productReference = 07179BC720888C8D0022F500 /* task03.app */;
			productType = "com.apple.product-type.application";
		};
		07179BDA20888C8F0022F500 /* task03Tests */ = {
			isa = PBXNativeTarget;
			buildConfigurationList = 07179BF220888C8F0022F500 /* Build configuration list for PBXNativeTarget "task03Tests" */;
			buildPhases = (
				07179BD720888C8F0022F500 /* Sources */,
				07179BD820888C8F0022F500 /* Frameworks */,
				07179BD920888C8F0022F500 /* Resources */,
			);
			buildRules = (
			);
			dependencies = (
				07179BDD20888C8F0022F500 /* PBXTargetDependency */,
			);
			name = task03Tests;
			productName = task03Tests;
			productReference = 07179BDB20888C8F0022F500 /* task03Tests.xctest */;
			productType = "com.apple.product-type.bundle.unit-test";
		};
		07179BE520888C8F0022F500 /* task03UITests */ = {
			isa = PBXNativeTarget;
			buildConfigurationList = 07179BF520888C8F0022F500 /* Build configuration list for PBXNativeTarget "task03UITests" */;
			buildPhases = (
				07179BE220888C8F0022F500 /* Sources */,
				07179BE320888C8F0022F500 /* Frameworks */,
				07179BE420888C8F0022F500 /* Resources */,
			);
			buildRules = (
			);
			dependencies = (
				07179BE820888C8F0022F500 /* PBXTargetDependency */,
			);
			name = task03UITests;
			productName = task03UITests;
			productReference = 07179BE620888C8F0022F500 /* task03UITests.xctest */;
			productType = "com.apple.product-type.bundle.ui-testing";
		};
/* End PBXNativeTarget section */

/* Begin PBXProject section */
		07179BBF20888C8D0022F500 /* Project object */ = {
			isa = PBXProject;
			attributes = {
				LastSwiftUpdateCheck = 0930;
				LastUpgradeCheck = 0930;
				ORGANIZATIONNAME = "WEI-TENG CHEN";
				TargetAttributes = {
					07179BC620888C8D0022F500 = {
						CreatedOnToolsVersion = 9.3;
					};
					07179BDA20888C8F0022F500 = {
						CreatedOnToolsVersion = 9.3;
						TestTargetID = 07179BC620888C8D0022F500;
					};
					07179BE520888C8F0022F500 = {
						CreatedOnToolsVersion = 9.3;
						TestTargetID = 07179BC620888C8D0022F500;
					};
				};
			};
			buildConfigurationList = 07179BC220888C8D0022F500 /* Build configuration list for PBXProject "task03" */;
			compatibilityVersion = "Xcode 9.3";
			developmentRegion = en;
			hasScannedForEncodings = 0;
			knownRegions = (
				en,
				Base,
			);
			mainGroup = 07179BBE20888C8D0022F500;
			productRefGroup = 07179BC820888C8D0022F500 /* Products */;
			projectDirPath = "";
			projectRoot = "";
			targets = (
				07179BC620888C8D0022F500 /* task03 */,
				07179BDA20888C8F0022F500 /* task03Tests */,
				07179BE520888C8F0022F500 /* task03UITests */,
			);
		};
/* End PBXProject section */

/* Begin PBXResourcesBuildPhase section */
		07179BC520888C8D0022F500 /* Resources */ = {
			isa = PBXResourcesBuildPhase;
			buildActionMask = 2147483647;
			files = (
				07179BD520888C8F0022F500 /* LaunchScreen.storyboard in Resources */,
				07179BD220888C8F0022F500 /* Assets.xcassets in Resources */,
				07179BD020888C8D0022F500 /* Main.storyboard in Resources */,
			);
			runOnlyForDeploymentPostprocessing = 0;
		};
		07179BD920888C8F0022F500 /* Resources */ = {
			isa = PBXResourcesBuildPhase;
			buildActionMask = 2147483647;
			files = (
			);
			runOnlyForDeploymentPostprocessing = 0;
		};
		07179BE420888C8F0022F500 /* Resources */ = {
			isa = PBXResourcesBuildPhase;
			buildActionMask = 2147483647;
			files = (
			);
			runOnlyForDeploymentPostprocessing = 0;
		};
/* End PBXResourcesBuildPhase section */

/* Begin PBXSourcesBuildPhase section */
		07179BC320888C8D0022F500 /* Sources */ = {
			isa = PBXSourcesBuildPhase;
			buildActionMask = 2147483647;
			files = (
				07179BCD20888C8D0022F500 /* ViewController.swift in Sources */,
				07179BCB20888C8D0022F500 /* AppDelegate.swift in Sources */,
			);
			runOnlyForDeploymentPostprocessing = 0;
		};
		07179BD720888C8F0022F500 /* Sources */ = {
			isa = PBXSourcesBuildPhase;
			buildActionMask = 2147483647;
			files = (
				07179BE020888C8F0022F500 /* task03Tests.swift in Sources */,
			);
			runOnlyForDeploymentPostprocessing = 0;
		};
		07179BE220888C8F0022F500 /* Sources */ = {
			isa = PBXSourcesBuildPhase;
			buildActionMask = 2147483647;
			files = (
				07179BEB20888C8F0022F500 /* task03UITests.swift in Sources */,
			);
			runOnlyForDeploymentPostprocessing = 0;
		};
/* End PBXSourcesBuildPhase section */

/* Begin PBXTargetDependency section */
		07179BDD20888C8F0022F500 /* PBXTargetDependency */ = {
			isa = PBXTargetDependency;
			target = 07179BC620888C8D0022F500 /* task03 */;
			targetProxy = 07179BDC20888C8F0022F500 /* PBXContainerItemProxy */;
		};
		07179BE820888C8F0022F500 /* PBXTargetDependency */ = {
			isa = PBXTargetDependency;
			target = 07179BC620888C8D0022F500 /* task03 */;
			targetProxy = 07179BE720888C8F0022F500 /* PBXContainerItemProxy */;
		};
/* End PBXTargetDependency section */

/* Begin PBXVariantGroup section */
		07179BCE20888C8D0022F500 /* Main.storyboard */ = {
			isa = PBXVariantGroup;
			children = (
				07179BCF20888C8D0022F500 /* Base */,
			);
			name = Main.storyboard;
			sourceTree = "<group>";
		};
		07179BD320888C8F0022F500 /* LaunchScreen.storyboard */ = {
			isa = PBXVariantGroup;
			children = (
				07179BD420888C8F0022F500 /* Base */,
			);
			name = LaunchScreen.storyboard;
			sourceTree = "<group>";
		};
/* End PBXVariantGroup section */

/* Begin XCBuildConfiguration section */
		07179BED20888C8F0022F500 /* Debug */ = {
			isa = XCBuildConfiguration;
			buildSettings = {
				ALWAYS_SEARCH_USER_PATHS = NO;
				CLANG_ANALYZER_NONNULL = YES;
				CLANG_ANALYZER_NUMBER_OBJECT_CONVERSION = YES_AGGRESSIVE;
				CLANG_CXX_LANGUAGE_STANDARD = "gnu++14";
				CLANG_CXX_LIBRARY = "libc++";
				CLANG_ENABLE_MODULES = YES;
				CLANG_ENABLE_OBJC_ARC = YES;
				CLANG_ENABLE_OBJC_WEAK = YES;
				CLANG_WARN_BLOCK_CAPTURE_AUTORELEASING = YES;
				CLANG_WARN_BOOL_CONVERSION = YES;
				CLANG_WARN_COMMA = YES;
				CLANG_WARN_CONSTANT_CONVERSION = YES;
				CLANG_WARN_DEPRECATED_OBJC_IMPLEMENTATIONS = YES;
				CLANG_WARN_DIRECT_OBJC_ISA_USAGE = YES_ERROR;
				CLANG_WARN_DOCUMENTATION_COMMENTS = YES;
				CLANG_WARN_EMPTY_BODY = YES;
				CLANG_WARN_ENUM_CONVERSION = YES;
				CLANG_WARN_INFINITE_RECURSION = YES;
				CLANG_WARN_INT_CONVERSION = YES;
				CLANG_WARN_NON_LITERAL_NULL_CONVERSION = YES;
				CLANG_WARN_OBJC_IMPLICIT_RETAIN_SELF = YES;
				CLANG_WARN_OBJC_LITERAL_CONVERSION = YES;
				CLANG_WARN_OBJC_ROOT_CLASS = YES_ERROR;
				CLANG_WARN_RANGE_LOOP_ANALYSIS = YES;
				CLANG_WARN_STRICT_PROTOTYPES = YES;
				CLANG_WARN_SUSPICIOUS_MOVE = YES;
				CLANG_WARN_UNGUARDED_AVAILABILITY = YES_AGGRESSIVE;
				CLANG_WARN_UNREACHABLE_CODE = YES;
				CLANG_WARN__DUPLICATE_METHOD_MATCH = YES;
				CODE_SIGN_IDENTITY = "iPhone Developer";
				COPY_PHASE_STRIP = NO;
				DEBUG_INFORMATION_FORMAT = dwarf;
				ENABLE_STRICT_OBJC_MSGSEND = YES;
				ENABLE_TESTABILITY = YES;
				GCC_C_LANGUAGE_STANDARD = gnu11;
				GCC_DYNAMIC_NO_PIC = NO;
				GCC_NO_COMMON_BLOCKS = YES;
				GCC_OPTIMIZATION_LEVEL = 0;
				GCC_PREPROCESSOR_DEFINITIONS = (
					"DEBUG=1",
					"$(inherited)",
				);
				GCC_WARN_64_TO_32_BIT_CONVERSION = YES;
				GCC_WARN_ABOUT_RETURN_TYPE = YES_ERROR;
				GCC_WARN_UNDECLARED_SELECTOR = YES;
				GCC_WARN_UNINITIALIZED_AUTOS = YES_AGGRESSIVE;
				GCC_WARN_UNUSED_FUNCTION = YES;
				GCC_WARN_UNUSED_VARIABLE = YES;
				IPHONEOS_DEPLOYMENT_TARGET = 11.3;
				MTL_ENABLE_DEBUG_INFO = YES;
				ONLY_ACTIVE_ARCH = YES;
				SDKROOT = iphoneos;
				SWIFT_ACTIVE_COMPILATION_CONDITIONS = DEBUG;
				SWIFT_OPTIMIZATION_LEVEL = "-Onone";
			};
			name = Debug;
		};
		07179BEE20888C8F0022F500 /* Release */ = {
			isa = XCBuildConfiguration;
			buildSettings = {
				ALWAYS_SEARCH_USER_PATHS = NO;
				CLANG_ANALYZER_NONNULL = YES;
				CLANG_ANALYZER_NUMBER_OBJECT_CONVERSION = YES_AGGRESSIVE;
				CLANG_CXX_LANGUAGE_STANDARD = "gnu++14";
				CLANG_CXX_LIBRARY = "libc++";
				CLANG_ENABLE_MODULES = YES;
				CLANG_ENABLE_OBJC_ARC = YES;
				CLANG_ENABLE_OBJC_WEAK = YES;
				CLANG_WARN_BLOCK_CAPTURE_AUTORELEASING = YES;
				CLANG_WARN_BOOL_CONVERSION = YES;
				CLANG_WARN_COMMA = YES;
				CLANG_WARN_CONSTANT_CONVERSION = YES;
				CLANG_WARN_DEPRECATED_OBJC_IMPLEMENTATIONS = YES;
				CLANG_WARN_DIRECT_OBJC_ISA_USAGE = YES_ERROR;
				CLANG_WARN_DOCUMENTATION_COMMENTS = YES;
				CLANG_WARN_EMPTY_BODY = YES;
				CLANG_WARN_ENUM_CONVERSION = YES;
				CLANG_WARN_INFINITE_RECURSION = YES;
				CLANG_WARN_INT_CONVERSION = YES;
				CLANG_WARN_NON_LITERAL_NULL_CONVERSION = YES;
				CLANG_WARN_OBJC_IMPLICIT_RETAIN_SELF = YES;
				CLANG_WARN_OBJC_LITERAL_CONVERSION = YES;
				CLANG_WARN_OBJC_ROOT_CLASS = YES_ERROR;
				CLANG_WARN_RANGE_LOOP_ANALYSIS = YES;
				CLANG_WARN_STRICT_PROTOTYPES = YES;
				CLANG_WARN_SUSPICIOUS_MOVE = YES;
				CLANG_WARN_UNGUARDED_AVAILABILITY = YES_AGGRESSIVE;
				CLANG_WARN_UNREACHABLE_CODE = YES;
				CLANG_WARN__DUPLICATE_METHOD_MATCH = YES;
				CODE_SIGN_IDENTITY = "iPhone Developer";
				COPY_PHASE_STRIP = NO;
				DEBUG_INFORMATION_FORMAT = "dwarf-with-dsym";
				ENABLE_NS_ASSERTIONS = NO;
				ENABLE_STRICT_OBJC_MSGSEND = YES;
				GCC_C_LANGUAGE_STANDARD = gnu11;
				GCC_NO_COMMON_BLOCKS = YES;
				GCC_WARN_64_TO_32_BIT_CONVERSION = YES;
				GCC_WARN_ABOUT_RETURN_TYPE = YES_ERROR;
				GCC_WARN_UNDECLARED_SELECTOR = YES;
				GCC_WARN_UNINITIALIZED_AUTOS = YES_AGGRESSIVE;
				GCC_WARN_UNUSED_FUNCTION = YES;
				GCC_WARN_UNUSED_VARIABLE = YES;
				IPHONEOS_DEPLOYMENT_TARGET = 11.3;
				MTL_ENABLE_DEBUG_INFO = NO;
				SDKROOT = iphoneos;
				SWIFT_COMPILATION_MODE = wholemodule;
				SWIFT_OPTIMIZATION_LEVEL = "-O";
				VALIDATE_PRODUCT = YES;
			};
			name = Release;
		};
		07179BF020888C8F0022F500 /* Debug */ = {
			isa = XCBuildConfiguration;
			buildSettings = {
				ASSETCATALOG_COMPILER_APPICON_NAME = AppIcon;
				CODE_SIGN_STYLE = Automatic;
				INFOPLIST_FILE = task03/Info.plist;
				LD_RUNPATH_SEARCH_PATHS = (
					"$(inherited)",
					"@executable_path/Frameworks",
				);
				PRODUCT_BUNDLE_IDENTIFIER = com.weiteng.task03;
				PRODUCT_NAME = "$(TARGET_NAME)";
				SWIFT_VERSION = 4.0;
				TARGETED_DEVICE_FAMILY = "1,2";
			};
			name = Debug;
		};
		07179BF120888C8F0022F500 /* Release */ = {
			isa = XCBuildConfiguration;
			buildSettings = {
				ASSETCATALOG_COMPILER_APPICON_NAME = AppIcon;
				CODE_SIGN_STYLE = Automatic;
				INFOPLIST_FILE = task03/Info.plist;
				LD_RUNPATH_SEARCH_PATHS = (
					"$(inherited)",
					"@executable_path/Frameworks",
				);
				PRODUCT_BUNDLE_IDENTIFIER = com.weiteng.task03;
				PRODUCT_NAME = "$(TARGET_NAME)";
				SWIFT_VERSION = 4.0;
				TARGETED_DEVICE_FAMILY = "1,2";
			};
			name = Release;
		};
		07179BF320888C8F0022F500 /* Debug */ = {
			isa = XCBuildConfiguration;
			buildSettings = {
				ALWAYS_EMBED_SWIFT_STANDARD_LIBRARIES = YES;
				BUNDLE_LOADER = "$(TEST_HOST)";
				CODE_SIGN_STYLE = Automatic;
				INFOPLIST_FILE = task03Tests/Info.plist;
				LD_RUNPATH_SEARCH_PATHS = (
					"$(inherited)",
					"@executable_path/Frameworks",
					"@loader_path/Frameworks",
				);
				PRODUCT_BUNDLE_IDENTIFIER = com.weiteng.task03Tests;
				PRODUCT_NAME = "$(TARGET_NAME)";
				SWIFT_VERSION = 4.0;
				TARGETED_DEVICE_FAMILY = "1,2";
				TEST_HOST = "$(BUILT_PRODUCTS_DIR)/task03.app/task03";
			};
			name = Debug;
		};
		07179BF420888C8F0022F500 /* Release */ = {
			isa = XCBuildConfiguration;
			buildSettings = {
				ALWAYS_EMBED_SWIFT_STANDARD_LIBRARIES = YES;
				BUNDLE_LOADER = "$(TEST_HOST)";
				CODE_SIGN_STYLE = Automatic;
				INFOPLIST_FILE = task03Tests/Info.plist;
				LD_RUNPATH_SEARCH_PATHS = (
					"$(inherited)",
					"@executable_path/Frameworks",
					"@loader_path/Frameworks",
				);
				PRODUCT_BUNDLE_IDENTIFIER = com.weiteng.task03Tests;
				PRODUCT_NAME = "$(TARGET_NAME)";
				SWIFT_VERSION = 4.0;
				TARGETED_DEVICE_FAMILY = "1,2";
				TEST_HOST = "$(BUILT_PRODUCTS_DIR)/task03.app/task03";
			};
			name = Release;
		};
		07179BF620888C8F0022F500 /* Debug */ = {
			isa = XCBuildConfiguration;
			buildSettings = {
				ALWAYS_EMBED_SWIFT_STANDARD_LIBRARIES = YES;
				CODE_SIGN_STYLE = Automatic;
				INFOPLIST_FILE = task03UITests/Info.plist;
				LD_RUNPATH_SEARCH_PATHS = (
					"$(inherited)",
					"@executable_path/Frameworks",
					"@loader_path/Frameworks",
				);
				PRODUCT_BUNDLE_IDENTIFIER = com.weiteng.task03UITests;
				PRODUCT_NAME = "$(TARGET_NAME)";
				SWIFT_VERSION = 4.0;
				TARGETED_DEVICE_FAMILY = "1,2";
				TEST_TARGET_NAME = task03;
			};
			name = Debug;
		};
		07179BF720888C8F0022F500 /* Release */ = {
			isa = XCBuildConfiguration;
			buildSettings = {
				ALWAYS_EMBED_SWIFT_STANDARD_LIBRARIES = YES;
				CODE_SIGN_STYLE = Automatic;
				INFOPLIST_FILE = task03UITests/Info.plist;
				LD_RUNPATH_SEARCH_PATHS = (
					"$(inherited)",
					"@executable_path/Frameworks",
					"@loader_path/Frameworks",
				);
				PRODUCT_BUNDLE_IDENTIFIER = com.weiteng.task03UITests;
				PRODUCT_NAME = "$(TARGET_NAME)";
				SWIFT_VERSION = 4.0;
				TARGETED_DEVICE_FAMILY = "1,2";
				TEST_TARGET_NAME = task03;
			};
			name = Release;
		};
/* End XCBuildConfiguration section */

/* Begin XCConfigurationList section */
		07179BC220888C8D0022F500 /* Build configuration list for PBXProject "task03" */ = {
			isa = XCConfigurationList;
			buildConfigurations = (
				07179BED20888C8F0022F500 /* Debug */,
				07179BEE20888C8F0022F500 /* Release */,
			);
			defaultConfigurationIsVisible = 0;
			defaultConfigurationName = Release;
		};
		07179BEF20888C8F0022F500 /* Build configuration list for PBXNativeTarget "task03" */ = {
			isa = XCConfigurationList;
			buildConfigurations = (
				07179BF020888C8F0022F500 /* Debug */,
				07179BF120888C8F0022F500 /* Release */,
			);
			defaultConfigurationIsVisible = 0;
			defaultConfigurationName = Release;
		};
		07179BF220888C8F0022F500 /* Build configuration list for PBXNativeTarget "task03Tests" */ = {
			isa = XCConfigurationList;
			buildConfigurations = (
				07179BF320888C8F0022F500 /* Debug */,
				07179BF420888C8F0022F500 /* Release */,
			);
			defaultConfigurationIsVisible = 0;
			defaultConfigurationName = Release;
		};
		07179BF520888C8F0022F500 /* Build configuration list for PBXNativeTarget "task03UITests" */ = {
			isa = XCConfigurationList;
			buildConfigurations = (
				07179BF620888C8F0022F500 /* Debug */,
				07179BF720888C8F0022F500 /* Release */,
			);
			defaultConfigurationIsVisible = 0;
			defaultConfigurationName = Release;
		};
/* End XCConfigurationList section */
	};
	rootObject = 07179BBF20888C8D0022F500 /* Project object */;
}
